
Microsoft Visual Studio Solution File, Format Version 12.00
# Visual Studio Version 17
VisualStudioVersion = 17.5.002.0
MinimumVisualStudioVersion = 10.0.40219.1
Project("{9A19103F-16F7-4668-BE54-9A1E7A4F7556}") = "ConsoleApp", "ConsoleApp.csproj", "{A17754A7-64D3-43FC-8978-47EDE97BD147}"
EndProject
Global
	GlobalSection(SolutionConfigurationPlatforms) = preSolution
		Debug|Any CPU = Debug|Any CPU
		Release|Any CPU = Release|Any CPU
	EndGlobalSection
	GlobalSection(ProjectConfigurationPlatforms) = postSolution
		{A17754A7-64D3-43FC-8978-47EDE97BD147}.Debug|Any CPU.ActiveCfg = Debug|Any CPU
		{A17754A7-64D3-43FC-8978-47EDE97BD147}.Debug|Any CPU.Build.0 = Debug|Any CPU
		{A17754A7-64D3-43FC-8978-47EDE97BD147}.Release|Any CPU.ActiveCfg = Release|Any CPU
		{A17754A7-64D3-43FC-8978-47EDE97BD147}.Release|Any CPU.Build.0 = Release|Any CPU
	EndGlobalSection
	GlobalSection(SolutionProperties) = preSolution
		HideSolutionNode = FALSE
	EndGlobalSection
	GlobalSection(ExtensibilityGlobals) = postSolution
		SolutionGuid = {6665698C-7688-4E54-A295-6E5CA0AE9A27}
	EndGlobalSection
EndGlobal
